
Microsoft Visual Studio Solution File, Format Version 12.00
# Visual Studio Version 17
VisualStudioVersion = 17.13.35825.156
MinimumVisualStudioVersion = 10.0.40219.1
Project("{FAE04EC0-301F-11D3-BF4B-00C04F79EFBC}") = "Search Product with Implicit Wait", "Search Product with Implicit Wait\Search Product with Implicit Wait.csproj", "{8B68B686-7A12-4D8D-80D1-1229E417C8E6}"
EndProject
Project("{FAE04EC0-301F-11D3-BF4B-00C04F79EFBC}") = "Search Product with Explicit Wait", "Search Product with Explicit Wait\Search Product with Explicit Wait.csproj", "{9480636D-AA99-4A53-AC24-4E339B06AF2D}"
EndProject
Project("{FAE04EC0-301F-11D3-BF4B-00C04F79EFBC}") = "Windowhandles", "Windowhandles\Windowhandles.csproj", "{9220B7E0-B26C-413E-9DB4-851B2B417B54}"
EndProject
Project("{FAE04EC0-301F-11D3-BF4B-00C04F79EFBC}") = "WorkingWithAlerts", "WorkingWithAlerts\WorkingWithAlerts.csproj", "{C12112A7-47B9-4957-8322-E5F410440779}"
EndProject
Project("{FAE04EC0-301F-11D3-BF4B-00C04F79EFBC}") = "Iframe", "Iframe\Iframe.csproj", "{8277A1C8-E6F4-454D-AD2B-B23B461FFEBB}"
EndProject
Global
	GlobalSection(SolutionConfigurationPlatforms) = preSolution
		Debug|Any CPU = Debug|Any CPU
		Release|Any CPU = Release|Any CPU
	EndGlobalSection
	GlobalSection(ProjectConfigurationPlatforms) = postSolution
		{8B68B686-7A12-4D8D-80D1-1229E417C8E6}.Debug|Any CPU.ActiveCfg = Debug|Any CPU
		{8B68B686-7A12-4D8D-80D1-1229E417C8E6}.Debug|Any CPU.Build.0 = Debug|Any CPU
		{8B68B686-7A12-4D8D-80D1-1229E417C8E6}.Release|Any CPU.ActiveCfg = Release|Any CPU
		{8B68B686-7A12-4D8D-80D1-1229E417C8E6}.Release|Any CPU.Build.0 = Release|Any CPU
		{9480636D-AA99-4A53-AC24-4E339B06AF2D}.Debug|Any CPU.ActiveCfg = Debug|Any CPU
		{9480636D-AA99-4A53-AC24-4E339B06AF2D}.Debug|Any CPU.Build.0 = Debug|Any CPU
		{9480636D-AA99-4A53-AC24-4E339B06AF2D}.Release|Any CPU.ActiveCfg = Release|Any CPU
		{9480636D-AA99-4A53-AC24-4E339B06AF2D}.Release|Any CPU.Build.0 = Release|Any CPU
		{9220B7E0-B26C-413E-9DB4-851B2B417B54}.Debug|Any CPU.ActiveCfg = Debug|Any CPU
		{9220B7E0-B26C-413E-9DB4-851B2B417B54}.Debug|Any CPU.Build.0 = Debug|Any CPU
		{9220B7E0-B26C-413E-9DB4-851B2B417B54}.Release|Any CPU.ActiveCfg = Release|Any CPU
		{9220B7E0-B26C-413E-9DB4-851B2B417B54}.Release|Any CPU.Build.0 = Release|Any CPU
		{C12112A7-47B9-4957-8322-E5F410440779}.Debug|Any CPU.ActiveCfg = Debug|Any CPU
		{C12112A7-47B9-4957-8322-E5F410440779}.Debug|Any CPU.Build.0 = Debug|Any CPU
		{C12112A7-47B9-4957-8322-E5F410440779}.Release|Any CPU.ActiveCfg = Release|Any CPU
		{C12112A7-47B9-4957-8322-E5F410440779}.Release|Any CPU.Build.0 = Release|Any CPU
		{8277A1C8-E6F4-454D-AD2B-B23B461FFEBB}.Debug|Any CPU.ActiveCfg = Debug|Any CPU
		{8277A1C8-E6F4-454D-AD2B-B23B461FFEBB}.Debug|Any CPU.Build.0 = Debug|Any CPU
		{8277A1C8-E6F4-454D-AD2B-B23B461FFEBB}.Release|Any CPU.ActiveCfg = Release|Any CPU
		{8277A1C8-E6F4-454D-AD2B-B23B461FFEBB}.Release|Any CPU.Build.0 = Release|Any CPU
	EndGlobalSection
	GlobalSection(SolutionProperties) = preSolution
		HideSolutionNode = FALSE
	EndGlobalSection
	GlobalSection(ExtensibilityGlobals) = postSolution
		SolutionGuid = {8D414F66-D20B-444E-BF74-D68F5991D202}
	EndGlobalSection
EndGlobal
